
Microsoft Visual Studio Solution File, Format Version 12.00
# Visual Studio Version 17
VisualStudioVersion = 17.6.33815.320
MinimumVisualStudioVersion = 10.0.40219.1
Project("{9A19103F-16F7-4668-BE54-9A1E7A4F7556}") = "APIGateway2", "APIGateway2\APIGateway2.csproj", "{295DFD41-3D56-486B-92AA-BF542ED852E2}"
EndProject
Project("{2150E333-8FDC-42A3-9474-1A3956D46DE8}") = "Services", "Services", "{C7D8A2B5-83DF-430C-A636-D4EEA3455D36}"
EndProject
Project("{9A19103F-16F7-4668-BE54-9A1E7A4F7556}") = "Contact.API", "Services\ContactAPI\Contact.API\Contact.API.csproj", "{BBC9DBE2-D6AE-4ACB-9B03-6A30D83A2B6C}"
EndProject
Project("{9A19103F-16F7-4668-BE54-9A1E7A4F7556}") = "Reservation.API", "Services\RestAPI\Reservation.API\Reservation.API.csproj", "{3D86E8D2-9356-4B64-9DF7-185A7951070D}"
EndProject
Project("{2150E333-8FDC-42A3-9474-1A3956D46DE8}") = "ContactAPI", "ContactAPI", "{9DAE026E-A6AC-4CAD-A11D-752D79A992E4}"
EndProject
Project("{2150E333-8FDC-42A3-9474-1A3956D46DE8}") = "ReservationAPI", "ReservationAPI", "{B7E5C140-8CD5-4C4B-BDD1-98D757468B6A}"
EndProject
Project("{9A19103F-16F7-4668-BE54-9A1E7A4F7556}") = "Contact.API.Infrastructure", "Services\ContactAPI\Contact.API.Infrastructure\Contact.API.Infrastructure.csproj", "{D2CEB594-7443-4854-98B5-B16D3314E712}"
EndProject
Project("{9A19103F-16F7-4668-BE54-9A1E7A4F7556}") = "Contact.API.Models", "Services\ContactAPI\Contact.API.Models\Contact.API.Models.csproj", "{C71CA6A4-7082-4E8A-ADC8-F515D14A4008}"
EndProject
Project("{9A19103F-16F7-4668-BE54-9A1E7A4F7556}") = "Contact.API.Services", "Services\ContactAPI\Contact.API.Services\Contact.API.Services.csproj", "{0566DC0C-528D-469F-B62D-94CA9F5A2A6B}"
EndProject
Project("{9A19103F-16F7-4668-BE54-9A1E7A4F7556}") = "Reservation.API.Infrastructure", "Services\RestAPI\Reservation.API.Infrastructure\Reservation.API.Infrastructure.csproj", "{043D0FD4-397C-40FB-B141-90EA1AB630D1}"
EndProject
Project("{9A19103F-16F7-4668-BE54-9A1E7A4F7556}") = "Reservation.API.Services", "Services\RestAPI\Reservation.API.Services\Reservation.API.Services.csproj", "{0F517A28-1454-4379-A3DB-B7CF19AC1876}"
EndProject
Project("{9A19103F-16F7-4668-BE54-9A1E7A4F7556}") = "Reservation.API.Models", "Services\RestAPI\Reservation.API.Models\Reservation.API.Models.csproj", "{1B8C0A47-8EFB-4A5C-9A0E-D57A90068987}"
EndProject
Project("{2150E333-8FDC-42A3-9474-1A3956D46DE8}") = "Çözüm Öğeleri", "Çözüm Öğeleri", "{6BDF8E87-BF0E-470A-AB63-2E39FB8DA9DF}"
	ProjectSection(SolutionItems) = preProject
		docker-compose.yml = docker-compose.yml
	EndProjectSection
EndProject
Global
	GlobalSection(SolutionConfigurationPlatforms) = preSolution
		Debug|Any CPU = Debug|Any CPU
		Release|Any CPU = Release|Any CPU
	EndGlobalSection
	GlobalSection(ProjectConfigurationPlatforms) = postSolution
		{295DFD41-3D56-486B-92AA-BF542ED852E2}.Debug|Any CPU.ActiveCfg = Debug|Any CPU
		{295DFD41-3D56-486B-92AA-BF542ED852E2}.Debug|Any CPU.Build.0 = Debug|Any CPU
		{295DFD41-3D56-486B-92AA-BF542ED852E2}.Release|Any CPU.ActiveCfg = Release|Any CPU
		{295DFD41-3D56-486B-92AA-BF542ED852E2}.Release|Any CPU.Build.0 = Release|Any CPU
		{BBC9DBE2-D6AE-4ACB-9B03-6A30D83A2B6C}.Debug|Any CPU.ActiveCfg = Debug|Any CPU
		{BBC9DBE2-D6AE-4ACB-9B03-6A30D83A2B6C}.Debug|Any CPU.Build.0 = Debug|Any CPU
		{BBC9DBE2-D6AE-4ACB-9B03-6A30D83A2B6C}.Release|Any CPU.ActiveCfg = Release|Any CPU
		{BBC9DBE2-D6AE-4ACB-9B03-6A30D83A2B6C}.Release|Any CPU.Build.0 = Release|Any CPU
		{3D86E8D2-9356-4B64-9DF7-185A7951070D}.Debug|Any CPU.ActiveCfg = Debug|Any CPU
		{3D86E8D2-9356-4B64-9DF7-185A7951070D}.Debug|Any CPU.Build.0 = Debug|Any CPU
		{3D86E8D2-9356-4B64-9DF7-185A7951070D}.Release|Any CPU.ActiveCfg = Release|Any CPU
		{3D86E8D2-9356-4B64-9DF7-185A7951070D}.Release|Any CPU.Build.0 = Release|Any CPU
		{D2CEB594-7443-4854-98B5-B16D3314E712}.Debug|Any CPU.ActiveCfg = Debug|Any CPU
		{D2CEB594-7443-4854-98B5-B16D3314E712}.Debug|Any CPU.Build.0 = Debug|Any CPU
		{D2CEB594-7443-4854-98B5-B16D3314E712}.Release|Any CPU.ActiveCfg = Release|Any CPU
		{D2CEB594-7443-4854-98B5-B16D3314E712}.Release|Any CPU.Build.0 = Release|Any CPU
		{C71CA6A4-7082-4E8A-ADC8-F515D14A4008}.Debug|Any CPU.ActiveCfg = Debug|Any CPU
		{C71CA6A4-7082-4E8A-ADC8-F515D14A4008}.Debug|Any CPU.Build.0 = Debug|Any CPU
		{C71CA6A4-7082-4E8A-ADC8-F515D14A4008}.Release|Any CPU.ActiveCfg = Release|Any CPU
		{C71CA6A4-7082-4E8A-ADC8-F515D14A4008}.Release|Any CPU.Build.0 = Release|Any CPU
		{0566DC0C-528D-469F-B62D-94CA9F5A2A6B}.Debug|Any CPU.ActiveCfg = Debug|Any CPU
		{0566DC0C-528D-469F-B62D-94CA9F5A2A6B}.Debug|Any CPU.Build.0 = Debug|Any CPU
		{0566DC0C-528D-469F-B62D-94CA9F5A2A6B}.Release|Any CPU.ActiveCfg = Release|Any CPU
		{0566DC0C-528D-469F-B62D-94CA9F5A2A6B}.Release|Any CPU.Build.0 = Release|Any CPU
		{043D0FD4-397C-40FB-B141-90EA1AB630D1}.Debug|Any CPU.ActiveCfg = Debug|Any CPU
		{043D0FD4-397C-40FB-B141-90EA1AB630D1}.Debug|Any CPU.Build.0 = Debug|Any CPU
		{043D0FD4-397C-40FB-B141-90EA1AB630D1}.Release|Any CPU.ActiveCfg = Release|Any CPU
		{043D0FD4-397C-40FB-B141-90EA1AB630D1}.Release|Any CPU.Build.0 = Release|Any CPU
		{0F517A28-1454-4379-A3DB-B7CF19AC1876}.Debug|Any CPU.ActiveCfg = Debug|Any CPU
		{0F517A28-1454-4379-A3DB-B7CF19AC1876}.Debug|Any CPU.Build.0 = Debug|Any CPU
		{0F517A28-1454-4379-A3DB-B7CF19AC1876}.Release|Any CPU.ActiveCfg = Release|Any CPU
		{0F517A28-1454-4379-A3DB-B7CF19AC1876}.Release|Any CPU.Build.0 = Release|Any CPU
		{1B8C0A47-8EFB-4A5C-9A0E-D57A90068987}.Debug|Any CPU.ActiveCfg = Debug|Any CPU
		{1B8C0A47-8EFB-4A5C-9A0E-D57A90068987}.Debug|Any CPU.Build.0 = Debug|Any CPU
		{1B8C0A47-8EFB-4A5C-9A0E-D57A90068987}.Release|Any CPU.ActiveCfg = Release|Any CPU
		{1B8C0A47-8EFB-4A5C-9A0E-D57A90068987}.Release|Any CPU.Build.0 = Release|Any CPU
	EndGlobalSection
	GlobalSection(SolutionProperties) = preSolution
		HideSolutionNode = FALSE
	EndGlobalSection
	GlobalSection(NestedProjects) = preSolution
		{BBC9DBE2-D6AE-4ACB-9B03-6A30D83A2B6C} = {9DAE026E-A6AC-4CAD-A11D-752D79A992E4}
		{3D86E8D2-9356-4B64-9DF7-185A7951070D} = {B7E5C140-8CD5-4C4B-BDD1-98D757468B6A}
		{9DAE026E-A6AC-4CAD-A11D-752D79A992E4} = {C7D8A2B5-83DF-430C-A636-D4EEA3455D36}
		{B7E5C140-8CD5-4C4B-BDD1-98D757468B6A} = {C7D8A2B5-83DF-430C-A636-D4EEA3455D36}
		{D2CEB594-7443-4854-98B5-B16D3314E712} = {9DAE026E-A6AC-4CAD-A11D-752D79A992E4}
		{C71CA6A4-7082-4E8A-ADC8-F515D14A4008} = {9DAE026E-A6AC-4CAD-A11D-752D79A992E4}
		{0566DC0C-528D-469F-B62D-94CA9F5A2A6B} = {9DAE026E-A6AC-4CAD-A11D-752D79A992E4}
		{043D0FD4-397C-40FB-B141-90EA1AB630D1} = {B7E5C140-8CD5-4C4B-BDD1-98D757468B6A}
		{0F517A28-1454-4379-A3DB-B7CF19AC1876} = {B7E5C140-8CD5-4C4B-BDD1-98D757468B6A}
		{1B8C0A47-8EFB-4A5C-9A0E-D57A90068987} = {B7E5C140-8CD5-4C4B-BDD1-98D757468B6A}
	EndGlobalSection
	GlobalSection(ExtensibilityGlobals) = postSolution
		SolutionGuid = {28CE64A4-78BF-41B7-9695-E9E2123F5BF0}
	EndGlobalSection
EndGlobal
